
Microsoft Visual Studio Solution File, Format Version 12.00
# Visual Studio Version 17
VisualStudioVersion = 17.14.36408.4
MinimumVisualStudioVersion = 10.0.40219.1
Project("{FAE04EC0-301F-11D3-BF4B-00C04F79EFBC}") = "AccessManager.Api", "AccessManager.Api.csproj", "{09B913DC-D148-4D3C-952D-C54F2935698C}"
EndProject
Project("{FAE04EC0-301F-11D3-BF4B-00C04F79EFBC}") = "AcessManager.Web", "..\AcessManager.Web\AcessManager.Web.csproj", "{5B358E6B-2473-4434-8006-60380A059FB1}"
EndProject
Project("{FAE04EC0-301F-11D3-BF4B-00C04F79EFBC}") = "AcessManager.Tests", "..\AcessManager.Tests\AcessManager.Tests.csproj", "{971A0EA7-5669-40F2-8125-2F6FB2350168}"
EndProject
Global
	GlobalSection(SolutionConfigurationPlatforms) = preSolution
		Debug|Any CPU = Debug|Any CPU
		Release|Any CPU = Release|Any CPU
	EndGlobalSection
	GlobalSection(ProjectConfigurationPlatforms) = postSolution
		{09B913DC-D148-4D3C-952D-C54F2935698C}.Debug|Any CPU.ActiveCfg = Debug|Any CPU
		{09B913DC-D148-4D3C-952D-C54F2935698C}.Debug|Any CPU.Build.0 = Debug|Any CPU
		{09B913DC-D148-4D3C-952D-C54F2935698C}.Release|Any CPU.ActiveCfg = Release|Any CPU
		{09B913DC-D148-4D3C-952D-C54F2935698C}.Release|Any CPU.Build.0 = Release|Any CPU
		{5B358E6B-2473-4434-8006-60380A059FB1}.Debug|Any CPU.ActiveCfg = Debug|Any CPU
		{5B358E6B-2473-4434-8006-60380A059FB1}.Debug|Any CPU.Build.0 = Debug|Any CPU
		{5B358E6B-2473-4434-8006-60380A059FB1}.Release|Any CPU.ActiveCfg = Release|Any CPU
		{5B358E6B-2473-4434-8006-60380A059FB1}.Release|Any CPU.Build.0 = Release|Any CPU
		{971A0EA7-5669-40F2-8125-2F6FB2350168}.Debug|Any CPU.ActiveCfg = Debug|Any CPU
		{971A0EA7-5669-40F2-8125-2F6FB2350168}.Debug|Any CPU.Build.0 = Debug|Any CPU
		{971A0EA7-5669-40F2-8125-2F6FB2350168}.Release|Any CPU.ActiveCfg = Release|Any CPU
		{971A0EA7-5669-40F2-8125-2F6FB2350168}.Release|Any CPU.Build.0 = Release|Any CPU
	EndGlobalSection
	GlobalSection(SolutionProperties) = preSolution
		HideSolutionNode = FALSE
	EndGlobalSection
	GlobalSection(ExtensibilityGlobals) = postSolution
		SolutionGuid = {27ED1B5F-8005-49AA-9EF2-602A09A81123}
	EndGlobalSection
EndGlobal
